
Microsoft Visual Studio Solution File, Format Version 12.00
# Visual Studio 15
VisualStudioVersion = 15.0.28307.1209
MinimumVisualStudioVersion = 10.0.40219.1
Project("{8BC9CEB8-8B4A-11D0-8D11-00A0C91BC942}") = "Maximum Pairwise Product", "Maximum Pairwise Product\Maximum Pairwise Product.vcxproj", "{323DE418-26C8-4EE5-8797-C3F79867179E}"
EndProject
Global
	GlobalSection(SolutionConfigurationPlatforms) = preSolution
		Debug|x64 = Debug|x64
		Debug|x86 = Debug|x86
		Release|x64 = Release|x64
		Release|x86 = Release|x86
	EndGlobalSection
	GlobalSection(ProjectConfigurationPlatforms) = postSolution
		{323DE418-26C8-4EE5-8797-C3F79867179E}.Debug|x64.ActiveCfg = Debug|x64
		{323DE418-26C8-4EE5-8797-C3F79867179E}.Debug|x64.Build.0 = Debug|x64
		{323DE418-26C8-4EE5-8797-C3F79867179E}.Debug|x86.ActiveCfg = Debug|Win32
		{323DE418-26C8-4EE5-8797-C3F79867179E}.Debug|x86.Build.0 = Debug|Win32
		{323DE418-26C8-4EE5-8797-C3F79867179E}.Release|x64.ActiveCfg = Release|x64
		{323DE418-26C8-4EE5-8797-C3F79867179E}.Release|x64.Build.0 = Release|x64
		{323DE418-26C8-4EE5-8797-C3F79867179E}.Release|x86.ActiveCfg = Release|Win32
		{323DE418-26C8-4EE5-8797-C3F79867179E}.Release|x86.Build.0 = Release|Win32
	EndGlobalSection
	GlobalSection(SolutionProperties) = preSolution
		HideSolutionNode = FALSE
	EndGlobalSection
	GlobalSection(ExtensibilityGlobals) = postSolution
		SolutionGuid = {FBD851DE-1604-4459-9A7A-8653AB270C69}
	EndGlobalSection
EndGlobal
