
Microsoft Visual Studio Solution File, Format Version 12.00
# Visual Studio 15
VisualStudioVersion = 15.0.28307.1022
MinimumVisualStudioVersion = 10.0.40219.1
Project("{8BC9CEB8-8B4A-11D0-8D11-00A0C91BC942}") = "Считалка Иосифа", "Считалка Иосифа\Считалка Иосифа.vcxproj", "{CE98BAA7-8997-4B87-9DE3-2A9AF54FD3DE}"
EndProject
Global
	GlobalSection(SolutionConfigurationPlatforms) = preSolution
		Debug|x64 = Debug|x64
		Debug|x86 = Debug|x86
		Release|x64 = Release|x64
		Release|x86 = Release|x86
	EndGlobalSection
	GlobalSection(ProjectConfigurationPlatforms) = postSolution
		{CE98BAA7-8997-4B87-9DE3-2A9AF54FD3DE}.Debug|x64.ActiveCfg = Debug|x64
		{CE98BAA7-8997-4B87-9DE3-2A9AF54FD3DE}.Debug|x64.Build.0 = Debug|x64
		{CE98BAA7-8997-4B87-9DE3-2A9AF54FD3DE}.Debug|x86.ActiveCfg = Debug|Win32
		{CE98BAA7-8997-4B87-9DE3-2A9AF54FD3DE}.Debug|x86.Build.0 = Debug|Win32
		{CE98BAA7-8997-4B87-9DE3-2A9AF54FD3DE}.Release|x64.ActiveCfg = Release|x64
		{CE98BAA7-8997-4B87-9DE3-2A9AF54FD3DE}.Release|x64.Build.0 = Release|x64
		{CE98BAA7-8997-4B87-9DE3-2A9AF54FD3DE}.Release|x86.ActiveCfg = Release|Win32
		{CE98BAA7-8997-4B87-9DE3-2A9AF54FD3DE}.Release|x86.Build.0 = Release|Win32
	EndGlobalSection
	GlobalSection(SolutionProperties) = preSolution
		HideSolutionNode = FALSE
	EndGlobalSection
	GlobalSection(ExtensibilityGlobals) = postSolution
		SolutionGuid = {B0F68360-6687-4BF1-875F-B37FE56C02CA}
	EndGlobalSection
EndGlobal
