
Microsoft Visual Studio Solution File, Format Version 12.00
# Visual Studio 15
VisualStudioVersion = 15.0.28307.960
MinimumVisualStudioVersion = 10.0.40219.1
Project("{8BC9CEB8-8B4A-11D0-8D11-00A0C91BC942}") = "Расшифровка_V4", "Расшифровка_V4\Расшифровка_V4.vcxproj", "{FAD3E416-7FAE-4702-9C39-D1E5252DF28B}"
EndProject
Global
	GlobalSection(SolutionConfigurationPlatforms) = preSolution
		Debug|x64 = Debug|x64
		Debug|x86 = Debug|x86
		Release|x64 = Release|x64
		Release|x86 = Release|x86
	EndGlobalSection
	GlobalSection(ProjectConfigurationPlatforms) = postSolution
		{FAD3E416-7FAE-4702-9C39-D1E5252DF28B}.Debug|x64.ActiveCfg = Debug|x64
		{FAD3E416-7FAE-4702-9C39-D1E5252DF28B}.Debug|x64.Build.0 = Debug|x64
		{FAD3E416-7FAE-4702-9C39-D1E5252DF28B}.Debug|x86.ActiveCfg = Debug|Win32
		{FAD3E416-7FAE-4702-9C39-D1E5252DF28B}.Debug|x86.Build.0 = Debug|Win32
		{FAD3E416-7FAE-4702-9C39-D1E5252DF28B}.Release|x64.ActiveCfg = Release|x64
		{FAD3E416-7FAE-4702-9C39-D1E5252DF28B}.Release|x64.Build.0 = Release|x64
		{FAD3E416-7FAE-4702-9C39-D1E5252DF28B}.Release|x86.ActiveCfg = Release|Win32
		{FAD3E416-7FAE-4702-9C39-D1E5252DF28B}.Release|x86.Build.0 = Release|Win32
	EndGlobalSection
	GlobalSection(SolutionProperties) = preSolution
		HideSolutionNode = FALSE
	EndGlobalSection
	GlobalSection(ExtensibilityGlobals) = postSolution
		SolutionGuid = {199EB371-6621-410A-9E7C-46299C24BF24}
	EndGlobalSection
EndGlobal
