
Microsoft Visual Studio Solution File, Format Version 12.00
# Visual Studio 15
VisualStudioVersion = 15.0.28307.1000
MinimumVisualStudioVersion = 10.0.40219.1
Project("{8BC9CEB8-8B4A-11D0-8D11-00A0C91BC942}") = "Финальная задача курса 1_V2", "Финальная задача курса 1_V2\Финальная задача курса 1_V2.vcxproj", "{8253935B-7254-4836-B0C8-5D476D0B04A1}"
EndProject
Global
	GlobalSection(SolutionConfigurationPlatforms) = preSolution
		Debug|x64 = Debug|x64
		Debug|x86 = Debug|x86
		Release|x64 = Release|x64
		Release|x86 = Release|x86
	EndGlobalSection
	GlobalSection(ProjectConfigurationPlatforms) = postSolution
		{8253935B-7254-4836-B0C8-5D476D0B04A1}.Debug|x64.ActiveCfg = Debug|x64
		{8253935B-7254-4836-B0C8-5D476D0B04A1}.Debug|x64.Build.0 = Debug|x64
		{8253935B-7254-4836-B0C8-5D476D0B04A1}.Debug|x86.ActiveCfg = Debug|Win32
		{8253935B-7254-4836-B0C8-5D476D0B04A1}.Debug|x86.Build.0 = Debug|Win32
		{8253935B-7254-4836-B0C8-5D476D0B04A1}.Release|x64.ActiveCfg = Release|x64
		{8253935B-7254-4836-B0C8-5D476D0B04A1}.Release|x64.Build.0 = Release|x64
		{8253935B-7254-4836-B0C8-5D476D0B04A1}.Release|x86.ActiveCfg = Release|Win32
		{8253935B-7254-4836-B0C8-5D476D0B04A1}.Release|x86.Build.0 = Release|Win32
	EndGlobalSection
	GlobalSection(SolutionProperties) = preSolution
		HideSolutionNode = FALSE
	EndGlobalSection
	GlobalSection(ExtensibilityGlobals) = postSolution
		SolutionGuid = {1AAF2E5D-2C49-41E7-9467-6A819FABD999}
	EndGlobalSection
EndGlobal
