
Microsoft Visual Studio Solution File, Format Version 12.00
# Visual Studio 15
VisualStudioVersion = 15.0.28307.1022
MinimumVisualStudioVersion = 10.0.40219.1
Project("{8BC9CEB8-8B4A-11D0-8D11-00A0C91BC942}") = "Сортировка слиянием — 3", "Сортировка слиянием — 3\Сортировка слиянием — 3.vcxproj", "{1F785CE6-0259-4330-BB44-ED78EA3DA5DF}"
EndProject
Global
	GlobalSection(SolutionConfigurationPlatforms) = preSolution
		Debug|x64 = Debug|x64
		Debug|x86 = Debug|x86
		Release|x64 = Release|x64
		Release|x86 = Release|x86
	EndGlobalSection
	GlobalSection(ProjectConfigurationPlatforms) = postSolution
		{1F785CE6-0259-4330-BB44-ED78EA3DA5DF}.Debug|x64.ActiveCfg = Debug|x64
		{1F785CE6-0259-4330-BB44-ED78EA3DA5DF}.Debug|x64.Build.0 = Debug|x64
		{1F785CE6-0259-4330-BB44-ED78EA3DA5DF}.Debug|x86.ActiveCfg = Debug|Win32
		{1F785CE6-0259-4330-BB44-ED78EA3DA5DF}.Debug|x86.Build.0 = Debug|Win32
		{1F785CE6-0259-4330-BB44-ED78EA3DA5DF}.Release|x64.ActiveCfg = Release|x64
		{1F785CE6-0259-4330-BB44-ED78EA3DA5DF}.Release|x64.Build.0 = Release|x64
		{1F785CE6-0259-4330-BB44-ED78EA3DA5DF}.Release|x86.ActiveCfg = Release|Win32
		{1F785CE6-0259-4330-BB44-ED78EA3DA5DF}.Release|x86.Build.0 = Release|Win32
	EndGlobalSection
	GlobalSection(SolutionProperties) = preSolution
		HideSolutionNode = FALSE
	EndGlobalSection
	GlobalSection(ExtensibilityGlobals) = postSolution
		SolutionGuid = {41B81CD2-F5B6-4DEA-8931-9010E4337B85}
	EndGlobalSection
EndGlobal
