
Microsoft Visual Studio Solution File, Format Version 12.00
# Visual Studio 15
VisualStudioVersion = 15.0.28307.1000
MinimumVisualStudioVersion = 10.0.40219.1
Project("{8BC9CEB8-8B4A-11D0-8D11-00A0C91BC942}") = "Финальная задача курса 1", "Финальная задача курса 1\Финальная задача курса 1.vcxproj", "{CC8C3FC4-4ED9-42B3-B384-A5D67DA6490C}"
EndProject
Global
	GlobalSection(SolutionConfigurationPlatforms) = preSolution
		Debug|x64 = Debug|x64
		Debug|x86 = Debug|x86
		Release|x64 = Release|x64
		Release|x86 = Release|x86
	EndGlobalSection
	GlobalSection(ProjectConfigurationPlatforms) = postSolution
		{CC8C3FC4-4ED9-42B3-B384-A5D67DA6490C}.Debug|x64.ActiveCfg = Debug|x64
		{CC8C3FC4-4ED9-42B3-B384-A5D67DA6490C}.Debug|x64.Build.0 = Debug|x64
		{CC8C3FC4-4ED9-42B3-B384-A5D67DA6490C}.Debug|x86.ActiveCfg = Debug|Win32
		{CC8C3FC4-4ED9-42B3-B384-A5D67DA6490C}.Debug|x86.Build.0 = Debug|Win32
		{CC8C3FC4-4ED9-42B3-B384-A5D67DA6490C}.Release|x64.ActiveCfg = Release|x64
		{CC8C3FC4-4ED9-42B3-B384-A5D67DA6490C}.Release|x64.Build.0 = Release|x64
		{CC8C3FC4-4ED9-42B3-B384-A5D67DA6490C}.Release|x86.ActiveCfg = Release|Win32
		{CC8C3FC4-4ED9-42B3-B384-A5D67DA6490C}.Release|x86.Build.0 = Release|Win32
	EndGlobalSection
	GlobalSection(SolutionProperties) = preSolution
		HideSolutionNode = FALSE
	EndGlobalSection
	GlobalSection(ExtensibilityGlobals) = postSolution
		SolutionGuid = {94C8D59B-BF58-4CA1-AF81-8D340E32DED5}
	EndGlobalSection
EndGlobal
